
Microsoft Visual Studio Solution File, Format Version 12.00
# Visual Studio 15
VisualStudioVersion = 15.0.28307.572
MinimumVisualStudioVersion = 10.0.40219.1
Project("{8BC9CEB8-8B4A-11D0-8D11-00A0C91BC942}") = "search", "search\search.vcxproj", "{EE8B1893-3690-4C38-8045-38E4D45EB67E}"
EndProject
Project("{8BC9CEB8-8B4A-11D0-8D11-00A0C91BC942}") = "MessageQueue", "MessageQueue\MessageQueue.vcxproj", "{A845DED5-62D1-4E6B-A342-E4DEE6077F9B}"
EndProject
Project("{8BC9CEB8-8B4A-11D0-8D11-00A0C91BC942}") = "MqEchoServer", "MqEchoServer\MqEchoServer.vcxproj", "{259D7D16-6F74-45F3-A66A-88FC054671DC}"
EndProject
Project("{8BC9CEB8-8B4A-11D0-8D11-00A0C91BC942}") = "MqEchoClient", "MqEchoClient\MqEchoClient.vcxproj", "{FE3E746D-BD63-42E7-859C-1DA55D56B264}"
EndProject
Project("{2150E333-8FDC-42A3-9474-1A3956D46DE8}") = "Exerc5", "Exerc5", "{2648073D-C68E-4E45-8CDF-56A8E2242377}"
EndProject
Project("{2150E333-8FDC-42A3-9474-1A3956D46DE8}") = "Exerc4", "Exerc4", "{C60A8639-0C0A-4A39-83CE-37C8BE5D2C90}"
EndProject
Project("{2150E333-8FDC-42A3-9474-1A3956D46DE8}") = "Parte1-Uthreads", "Parte1-Uthreads", "{1397ACE6-7089-49BF-80AF-E01C4035C70D}"
EndProject
Project("{8BC9CEB8-8B4A-11D0-8D11-00A0C91BC942}") = "UThread2", "..\..\GIT\SO_trab\Ex1\UThread\UThread2.vcxproj", "{287D4FC5-1948-4489-8FA2-F2C0E8AF5BCE}"
EndProject
Project("{8BC9CEB8-8B4A-11D0-8D11-00A0C91BC942}") = "Uthreads2UnitTests", "..\..\GIT\SO_trab\Ex1\Uthreads2UnitTests\Uthreads2UnitTests.vcxproj", "{4F570F2D-7C42-481B-A45A-1A812338C6A5}"
EndProject
Project("{2150E333-8FDC-42A3-9474-1A3956D46DE8}") = "Exerc3", "Exerc3", "{056EF416-4FD8-4787-8AFB-8FF0A56A3812}"
EndProject
Project("{8BC9CEB8-8B4A-11D0-8D11-00A0C91BC942}") = "ContextSwitchTimesTest", "..\..\SO\1819v_LI41D-G03\serie02\UThreads\ContextSwitchTimesTest\ContextSwitchTimesTest.vcxproj", "{D9F1DF8E-D9DB-4C05-AFD3-219E89C064C4}"
EndProject
Project("{2150E333-8FDC-42A3-9474-1A3956D46DE8}") = "Include", "Include", "{AF4E1205-93C0-412D-927B-B2B68B4E91A3}"
	ProjectSection(SolutionItems) = preProject
		..\..\SO\1819v_LI41D-G03\serie02\UThreads\Include\List.h = ..\..\SO\1819v_LI41D-G03\serie02\UThreads\Include\List.h
	EndProjectSection
EndProject
Project("{8BC9CEB8-8B4A-11D0-8D11-00A0C91BC942}") = "ContextSwitchTestt", "ContextSwitchTestt\ContextSwitchTestt.vcxproj", "{4F5A1114-29BC-4994-90FF-D297A83AC61F}"
EndProject
Global
	GlobalSection(SolutionConfigurationPlatforms) = preSolution
		Debug|Any CPU = Debug|Any CPU
		Debug|Win32 = Debug|Win32
		Debug|x64 = Debug|x64
		Release|Any CPU = Release|Any CPU
		Release|Win32 = Release|Win32
		Release|x64 = Release|x64
	EndGlobalSection
	GlobalSection(ProjectConfigurationPlatforms) = postSolution
		{EE8B1893-3690-4C38-8045-38E4D45EB67E}.Debug|Any CPU.ActiveCfg = Debug|Win32
		{EE8B1893-3690-4C38-8045-38E4D45EB67E}.Debug|Win32.ActiveCfg = Debug|Win32
		{EE8B1893-3690-4C38-8045-38E4D45EB67E}.Debug|Win32.Build.0 = Debug|Win32
		{EE8B1893-3690-4C38-8045-38E4D45EB67E}.Debug|x64.ActiveCfg = Debug|Win32
		{EE8B1893-3690-4C38-8045-38E4D45EB67E}.Release|Any CPU.ActiveCfg = Release|Win32
		{EE8B1893-3690-4C38-8045-38E4D45EB67E}.Release|Win32.ActiveCfg = Release|Win32
		{EE8B1893-3690-4C38-8045-38E4D45EB67E}.Release|Win32.Build.0 = Release|Win32
		{EE8B1893-3690-4C38-8045-38E4D45EB67E}.Release|x64.ActiveCfg = Release|Win32
		{A845DED5-62D1-4E6B-A342-E4DEE6077F9B}.Debug|Any CPU.ActiveCfg = Debug|Win32
		{A845DED5-62D1-4E6B-A342-E4DEE6077F9B}.Debug|Win32.ActiveCfg = Debug|Win32
		{A845DED5-62D1-4E6B-A342-E4DEE6077F9B}.Debug|Win32.Build.0 = Debug|Win32
		{A845DED5-62D1-4E6B-A342-E4DEE6077F9B}.Debug|x64.ActiveCfg = Debug|x64
		{A845DED5-62D1-4E6B-A342-E4DEE6077F9B}.Debug|x64.Build.0 = Debug|x64
		{A845DED5-62D1-4E6B-A342-E4DEE6077F9B}.Release|Any CPU.ActiveCfg = Release|Win32
		{A845DED5-62D1-4E6B-A342-E4DEE6077F9B}.Release|Win32.ActiveCfg = Release|Win32
		{A845DED5-62D1-4E6B-A342-E4DEE6077F9B}.Release|Win32.Build.0 = Release|Win32
		{A845DED5-62D1-4E6B-A342-E4DEE6077F9B}.Release|x64.ActiveCfg = Release|x64
		{A845DED5-62D1-4E6B-A342-E4DEE6077F9B}.Release|x64.Build.0 = Release|x64
		{259D7D16-6F74-45F3-A66A-88FC054671DC}.Debug|Any CPU.ActiveCfg = Debug|Win32
		{259D7D16-6F74-45F3-A66A-88FC054671DC}.Debug|Win32.ActiveCfg = Debug|Win32
		{259D7D16-6F74-45F3-A66A-88FC054671DC}.Debug|Win32.Build.0 = Debug|Win32
		{259D7D16-6F74-45F3-A66A-88FC054671DC}.Debug|x64.ActiveCfg = Debug|x64
		{259D7D16-6F74-45F3-A66A-88FC054671DC}.Debug|x64.Build.0 = Debug|x64
		{259D7D16-6F74-45F3-A66A-88FC054671DC}.Release|Any CPU.ActiveCfg = Release|Win32
		{259D7D16-6F74-45F3-A66A-88FC054671DC}.Release|Win32.ActiveCfg = Release|Win32
		{259D7D16-6F74-45F3-A66A-88FC054671DC}.Release|Win32.Build.0 = Release|Win32
		{259D7D16-6F74-45F3-A66A-88FC054671DC}.Release|x64.ActiveCfg = Release|x64
		{259D7D16-6F74-45F3-A66A-88FC054671DC}.Release|x64.Build.0 = Release|x64
		{FE3E746D-BD63-42E7-859C-1DA55D56B264}.Debug|Any CPU.ActiveCfg = Debug|Win32
		{FE3E746D-BD63-42E7-859C-1DA55D56B264}.Debug|Win32.ActiveCfg = Debug|Win32
		{FE3E746D-BD63-42E7-859C-1DA55D56B264}.Debug|Win32.Build.0 = Debug|Win32
		{FE3E746D-BD63-42E7-859C-1DA55D56B264}.Debug|x64.ActiveCfg = Debug|x64
		{FE3E746D-BD63-42E7-859C-1DA55D56B264}.Debug|x64.Build.0 = Debug|x64
		{FE3E746D-BD63-42E7-859C-1DA55D56B264}.Release|Any CPU.ActiveCfg = Release|Win32
		{FE3E746D-BD63-42E7-859C-1DA55D56B264}.Release|Win32.ActiveCfg = Release|Win32
		{FE3E746D-BD63-42E7-859C-1DA55D56B264}.Release|Win32.Build.0 = Release|Win32
		{FE3E746D-BD63-42E7-859C-1DA55D56B264}.Release|x64.ActiveCfg = Release|x64
		{FE3E746D-BD63-42E7-859C-1DA55D56B264}.Release|x64.Build.0 = Release|x64
		{287D4FC5-1948-4489-8FA2-F2C0E8AF5BCE}.Debug|Any CPU.ActiveCfg = Debug|Win32
		{287D4FC5-1948-4489-8FA2-F2C0E8AF5BCE}.Debug|Win32.ActiveCfg = Debug|Win32
		{287D4FC5-1948-4489-8FA2-F2C0E8AF5BCE}.Debug|Win32.Build.0 = Debug|Win32
		{287D4FC5-1948-4489-8FA2-F2C0E8AF5BCE}.Debug|x64.ActiveCfg = Debug|x64
		{287D4FC5-1948-4489-8FA2-F2C0E8AF5BCE}.Debug|x64.Build.0 = Debug|x64
		{287D4FC5-1948-4489-8FA2-F2C0E8AF5BCE}.Release|Any CPU.ActiveCfg = Release|Win32
		{287D4FC5-1948-4489-8FA2-F2C0E8AF5BCE}.Release|Win32.ActiveCfg = Release|Win32
		{287D4FC5-1948-4489-8FA2-F2C0E8AF5BCE}.Release|Win32.Build.0 = Release|Win32
		{287D4FC5-1948-4489-8FA2-F2C0E8AF5BCE}.Release|x64.ActiveCfg = Release|x64
		{287D4FC5-1948-4489-8FA2-F2C0E8AF5BCE}.Release|x64.Build.0 = Release|x64
		{4F570F2D-7C42-481B-A45A-1A812338C6A5}.Debug|Any CPU.ActiveCfg = Debug|Win32
		{4F570F2D-7C42-481B-A45A-1A812338C6A5}.Debug|Win32.ActiveCfg = Debug|Win32
		{4F570F2D-7C42-481B-A45A-1A812338C6A5}.Debug|Win32.Build.0 = Debug|Win32
		{4F570F2D-7C42-481B-A45A-1A812338C6A5}.Debug|x64.ActiveCfg = Debug|x64
		{4F570F2D-7C42-481B-A45A-1A812338C6A5}.Debug|x64.Build.0 = Debug|x64
		{4F570F2D-7C42-481B-A45A-1A812338C6A5}.Release|Any CPU.ActiveCfg = Release|Win32
		{4F570F2D-7C42-481B-A45A-1A812338C6A5}.Release|Win32.ActiveCfg = Release|Win32
		{4F570F2D-7C42-481B-A45A-1A812338C6A5}.Release|Win32.Build.0 = Release|Win32
		{4F570F2D-7C42-481B-A45A-1A812338C6A5}.Release|x64.ActiveCfg = Release|x64
		{4F570F2D-7C42-481B-A45A-1A812338C6A5}.Release|x64.Build.0 = Release|x64
		{D9F1DF8E-D9DB-4C05-AFD3-219E89C064C4}.Debug|Any CPU.ActiveCfg = Debug|Win32
		{D9F1DF8E-D9DB-4C05-AFD3-219E89C064C4}.Debug|Win32.ActiveCfg = Debug|Win32
		{D9F1DF8E-D9DB-4C05-AFD3-219E89C064C4}.Debug|Win32.Build.0 = Debug|Win32
		{D9F1DF8E-D9DB-4C05-AFD3-219E89C064C4}.Debug|x64.ActiveCfg = Debug|x64
		{D9F1DF8E-D9DB-4C05-AFD3-219E89C064C4}.Debug|x64.Build.0 = Debug|x64
		{D9F1DF8E-D9DB-4C05-AFD3-219E89C064C4}.Release|Any CPU.ActiveCfg = Release|Win32
		{D9F1DF8E-D9DB-4C05-AFD3-219E89C064C4}.Release|Win32.ActiveCfg = Release|Win32
		{D9F1DF8E-D9DB-4C05-AFD3-219E89C064C4}.Release|Win32.Build.0 = Release|Win32
		{D9F1DF8E-D9DB-4C05-AFD3-219E89C064C4}.Release|x64.ActiveCfg = Release|x64
		{D9F1DF8E-D9DB-4C05-AFD3-219E89C064C4}.Release|x64.Build.0 = Release|x64
		{4F5A1114-29BC-4994-90FF-D297A83AC61F}.Debug|Any CPU.ActiveCfg = Debug|Win32
		{4F5A1114-29BC-4994-90FF-D297A83AC61F}.Debug|Win32.ActiveCfg = Debug|Win32
		{4F5A1114-29BC-4994-90FF-D297A83AC61F}.Debug|Win32.Build.0 = Debug|Win32
		{4F5A1114-29BC-4994-90FF-D297A83AC61F}.Debug|x64.ActiveCfg = Debug|x64
		{4F5A1114-29BC-4994-90FF-D297A83AC61F}.Debug|x64.Build.0 = Debug|x64
		{4F5A1114-29BC-4994-90FF-D297A83AC61F}.Release|Any CPU.ActiveCfg = Release|Win32
		{4F5A1114-29BC-4994-90FF-D297A83AC61F}.Release|Win32.ActiveCfg = Release|Win32
		{4F5A1114-29BC-4994-90FF-D297A83AC61F}.Release|Win32.Build.0 = Release|Win32
		{4F5A1114-29BC-4994-90FF-D297A83AC61F}.Release|x64.ActiveCfg = Release|x64
		{4F5A1114-29BC-4994-90FF-D297A83AC61F}.Release|x64.Build.0 = Release|x64
	EndGlobalSection
	GlobalSection(SolutionProperties) = preSolution
		HideSolutionNode = FALSE
	EndGlobalSection
	GlobalSection(NestedProjects) = preSolution
		{EE8B1893-3690-4C38-8045-38E4D45EB67E} = {C60A8639-0C0A-4A39-83CE-37C8BE5D2C90}
		{A845DED5-62D1-4E6B-A342-E4DEE6077F9B} = {2648073D-C68E-4E45-8CDF-56A8E2242377}
		{259D7D16-6F74-45F3-A66A-88FC054671DC} = {2648073D-C68E-4E45-8CDF-56A8E2242377}
		{FE3E746D-BD63-42E7-859C-1DA55D56B264} = {2648073D-C68E-4E45-8CDF-56A8E2242377}
		{287D4FC5-1948-4489-8FA2-F2C0E8AF5BCE} = {1397ACE6-7089-49BF-80AF-E01C4035C70D}
		{4F570F2D-7C42-481B-A45A-1A812338C6A5} = {1397ACE6-7089-49BF-80AF-E01C4035C70D}
		{D9F1DF8E-D9DB-4C05-AFD3-219E89C064C4} = {056EF416-4FD8-4787-8AFB-8FF0A56A3812}
		{AF4E1205-93C0-412D-927B-B2B68B4E91A3} = {056EF416-4FD8-4787-8AFB-8FF0A56A3812}
		{4F5A1114-29BC-4994-90FF-D297A83AC61F} = {056EF416-4FD8-4787-8AFB-8FF0A56A3812}
	EndGlobalSection
	GlobalSection(ExtensibilityGlobals) = postSolution
		SolutionGuid = {F9F7330E-6485-474D-96F4-28693CD832C0}
	EndGlobalSection
EndGlobal
